// !$*UTF8*$!
{
	archiveVersion = 1;
	classes = {
	};
	objectVersion = 48;
	objects = {

/* Begin PBXBuildFile section */
		B91E5725208B5DAE00E40AE4 /* AppDelegate.swift in Sources */ = {isa = PBXBuildFile; fileRef = B91E5724208B5DAE00E40AE4 /* AppDelegate.swift */; };
		B91E5727208B5DAE00E40AE4 /* ViewController.swift in Sources */ = {isa = PBXBuildFile; fileRef = B91E5726208B5DAE00E40AE4 /* ViewController.swift */; };
		B91E572A208B5DAF00E40AE4 /* Main.storyboard in Resources */ = {isa = PBXBuildFile; fileRef = B91E5728208B5DAF00E40AE4 /* Main.storyboard */; };
		B91E572C208B5DAF00E40AE4 /* Assets.xcassets in Resources */ = {isa = PBXBuildFile; fileRef = B91E572B208B5DAF00E40AE4 /* Assets.xcassets */; };
		B91E572F208B5DAF00E40AE4 /* LaunchScreen.storyboard in Resources */ = {isa = PBXBuildFile; fileRef = B91E572D208B5DAF00E40AE4 /* LaunchScreen.storyboard */; };
		B91E573A208B5DAF00E40AE4 /* WIREDTests.swift in Sources */ = {isa = PBXBuildFile; fileRef = B91E5739208B5DAF00E40AE4 /* WIREDTests.swift */; };
		B91E5745208B5DAF00E40AE4 /* WIREDUITests.swift in Sources */ = {isa = PBXBuildFile; fileRef = B91E5744208B5DAF00E40AE4 /* WIREDUITests.swift */; };
		B91E5753208B659500E40AE4 /* ArticleCell.swift in Sources */ = {isa = PBXBuildFile; fileRef = B91E5752208B659500E40AE4 /* ArticleCell.swift */; };
		B91E5755208B685700E40AE4 /* Article.swift in Sources */ = {isa = PBXBuildFile; fileRef = B91E5754208B685700E40AE4 /* Article.swift */; };
		B91E5757208B92C600E40AE4 /* WebViewController.swift in Sources */ = {isa = PBXBuildFile; fileRef = B91E5756208B92C600E40AE4 /* WebViewController.swift */; };
/* End PBXBuildFile section */

/* Begin PBXContainerItemProxy section */
		B91E5736208B5DAF00E40AE4 /* PBXContainerItemProxy */ = {
			isa = PBXContainerItemProxy;
			containerPortal = B91E5719208B5DAE00E40AE4 /* Project object */;
			proxyType = 1;
			remoteGlobalIDString = B91E5720208B5DAE00E40AE4;
			remoteInfo = WIRED;
		};
		B91E5741208B5DAF00E40AE4 /* PBXContainerItemProxy */ = {
			isa = PBXContainerItemProxy;
			containerPortal = B91E5719208B5DAE00E40AE4 /* Project object */;
			proxyType = 1;
			remoteGlobalIDString = B91E5720208B5DAE00E40AE4;
			remoteInfo = WIRED;
		};
/* End PBXContainerItemProxy section */

/* Begin PBXFileReference section */
		B91E5721208B5DAE00E40AE4 /* WIRED.app */ = {isa = PBXFileReference; explicitFileType = wrapper.application; includeInIndex = 0; path = WIRED.app; sourceTree = BUILT_PRODUCTS_DIR; };
		B91E5724208B5DAE00E40AE4 /* AppDelegate.swift */ = {isa = PBXFileReference; lastKnownFileType = sourcecode.swift; path = AppDelegate.swift; sourceTree = "<group>"; };
		B91E5726208B5DAE00E40AE4 /* ViewController.swift */ = {isa = PBXFileReference; lastKnownFileType = sourcecode.swift; path = ViewController.swift; sourceTree = "<group>"; };
		B91E5729208B5DAF00E40AE4 /* Base */ = {isa = PBXFileReference; lastKnownFileType = file.storyboard; name = Base; path = Base.lproj/Main.storyboard; sourceTree = "<group>"; };
		B91E572B208B5DAF00E40AE4 /* Assets.xcassets */ = {isa = PBXFileReference; lastKnownFileType = folder.assetcatalog; path = Assets.xcassets; sourceTree = "<group>"; };
		B91E572E208B5DAF00E40AE4 /* Base */ = {isa = PBXFileReference; lastKnownFileType = file.storyboard; name = Base; path = Base.lproj/LaunchScreen.storyboard; sourceTree = "<group>"; };
		B91E5730208B5DAF00E40AE4 /* Info.plist */ = {isa = PBXFileReference; lastKnownFileType = text.plist.xml; path = Info.plist; sourceTree = "<group>"; };
		B91E5735208B5DAF00E40AE4 /* WIREDTests.xctest */ = {isa = PBXFileReference; explicitFileType = wrapper.cfbundle; includeInIndex = 0; path = WIREDTests.xctest; sourceTree = BUILT_PRODUCTS_DIR; };
		B91E5739208B5DAF00E40AE4 /* WIREDTests.swift */ = {isa = PBXFileReference; lastKnownFileType = sourcecode.swift; path = WIREDTests.swift; sourceTree = "<group>"; };
		B91E573B208B5DAF00E40AE4 /* Info.plist */ = {isa = PBXFileReference; lastKnownFileType = text.plist.xml; path = Info.plist; sourceTree = "<group>"; };
		B91E5740208B5DAF00E40AE4 /* WIREDUITests.xctest */ = {isa = PBXFileReference; explicitFileType = wrapper.cfbundle; includeInIndex = 0; path = WIREDUITests.xctest; sourceTree = BUILT_PRODUCTS_DIR; };
		B91E5744208B5DAF00E40AE4 /* WIREDUITests.swift */ = {isa = PBXFileReference; lastKnownFileType = sourcecode.swift; path = WIREDUITests.swift; sourceTree = "<group>"; };
		B91E5746208B5DAF00E40AE4 /* Info.plist */ = {isa = PBXFileReference; lastKnownFileType = text.plist.xml; path = Info.plist; sourceTree = "<group>"; };
		B91E5752208B659500E40AE4 /* ArticleCell.swift */ = {isa = PBXFileReference; lastKnownFileType = sourcecode.swift; path = ArticleCell.swift; sourceTree = "<group>"; };
		B91E5754208B685700E40AE4 /* Article.swift */ = {isa = PBXFileReference; lastKnownFileType = sourcecode.swift; path = Article.swift; sourceTree = "<group>"; };
		B91E5756208B92C600E40AE4 /* WebViewController.swift */ = {isa = PBXFileReference; lastKnownFileType = sourcecode.swift; path = WebViewController.swift; sourceTree = "<group>"; };
/* End PBXFileReference section */

/* Begin PBXFrameworksBuildPhase section */
		B91E571E208B5DAE00E40AE4 /* Frameworks */ = {
			isa = PBXFrameworksBuildPhase;
			buildActionMask = 2147483647;
			files = (
			);
			runOnlyForDeploymentPostprocessing = 0;
		};
		B91E5732208B5DAF00E40AE4 /* Frameworks */ = {
			isa = PBXFrameworksBuildPhase;
			buildActionMask = 2147483647;
			files = (
			);
			runOnlyForDeploymentPostprocessing = 0;
		};
		B91E573D208B5DAF00E40AE4 /* Frameworks */ = {
			isa = PBXFrameworksBuildPhase;
			buildActionMask = 2147483647;
			files = (
			);
			runOnlyForDeploymentPostprocessing = 0;
		};
/* End PBXFrameworksBuildPhase section */

/* Begin PBXGroup section */
		B91E5718208B5DAE00E40AE4 = {
			isa = PBXGroup;
			children = (
				B91E5723208B5DAE00E40AE4 /* WIRED */,
				B91E5738208B5DAF00E40AE4 /* WIREDTests */,
				B91E5743208B5DAF00E40AE4 /* WIREDUITests */,
				B91E5722208B5DAE00E40AE4 /* Products */,
			);
			sourceTree = "<group>";
		};
		B91E5722208B5DAE00E40AE4 /* Products */ = {
			isa = PBXGroup;
			children = (
				B91E5721208B5DAE00E40AE4 /* WIRED.app */,
				B91E5735208B5DAF00E40AE4 /* WIREDTests.xctest */,
				B91E5740208B5DAF00E40AE4 /* WIREDUITests.xctest */,
			);
			name = Products;
			sourceTree = "<group>";
		};
		B91E5723208B5DAE00E40AE4 /* WIRED */ = {
			isa = PBXGroup;
			children = (
				B91E5724208B5DAE00E40AE4 /* AppDelegate.swift */,
				B91E5726208B5DAE00E40AE4 /* ViewController.swift */,
				B91E5754208B685700E40AE4 /* Article.swift */,
				B91E5728208B5DAF00E40AE4 /* Main.storyboard */,
				B91E5756208B92C600E40AE4 /* WebViewController.swift */,
				B91E5752208B659500E40AE4 /* ArticleCell.swift */,
				B91E572B208B5DAF00E40AE4 /* Assets.xcassets */,
				B91E572D208B5DAF00E40AE4 /* LaunchScreen.storyboard */,
				B91E5730208B5DAF00E40AE4 /* Info.plist */,
			);
			path = WIRED;
			sourceTree = "<group>";
		};
		B91E5738208B5DAF00E40AE4 /* WIREDTests */ = {
			isa = PBXGroup;
			children = (
				B91E5739208B5DAF00E40AE4 /* WIREDTests.swift */,
				B91E573B208B5DAF00E40AE4 /* Info.plist */,
			);
			path = WIREDTests;
			sourceTree = "<group>";
		};
		B91E5743208B5DAF00E40AE4 /* WIREDUITests */ = {
			isa = PBXGroup;
			children = (
				B91E5744208B5DAF00E40AE4 /* WIREDUITests.swift */,
				B91E5746208B5DAF00E40AE4 /* Info.plist */,
			);
			path = WIREDUITests;
			sourceTree = "<group>";
		};
/* End PBXGroup section */

/* Begin PBXNativeTarget section */
		B91E5720208B5DAE00E40AE4 /* WIRED */ = {
			isa = PBXNativeTarget;
			buildConfigurationList = B91E5749208B5DAF00E40AE4 /* Build configuration list for PBXNativeTarget "WIRED" */;
			buildPhases = (
				B91E571D208B5DAE00E40AE4 /* Sources */,
				B91E571E208B5DAE00E40AE4 /* Frameworks */,
				B91E571F208B5DAE00E40AE4 /* Resources */,
			);
			buildRules = (
			);
			dependencies = (
			);
			name = WIRED;
			productName = WIRED;
			productReference = B91E5721208B5DAE00E40AE4 /* WIRED.app */;
			productType = "com.apple.product-type.application";
		};
		B91E5734208B5DAF00E40AE4 /* WIREDTests */ = {
			isa = PBXNativeTarget;
			buildConfigurationList = B91E574C208B5DAF00E40AE4 /* Build configuration list for PBXNativeTarget "WIREDTests" */;
			buildPhases = (
				B91E5731208B5DAF00E40AE4 /* Sources */,
				B91E5732208B5DAF00E40AE4 /* Frameworks */,
				B91E5733208B5DAF00E40AE4 /* Resources */,
			);
			buildRules = (
			);
			dependencies = (
				B91E5737208B5DAF00E40AE4 /* PBXTargetDependency */,
			);
			name = WIREDTests;
			productName = WIREDTests;
			productReference = B91E5735208B5DAF00E40AE4 /* WIREDTests.xctest */;
			productType = "com.apple.product-type.bundle.unit-test";
		};
		B91E573F208B5DAF00E40AE4 /* WIREDUITests */ = {
			isa = PBXNativeTarget;
			buildConfigurationList = B91E574F208B5DAF00E40AE4 /* Build configuration list for PBXNativeTarget "WIREDUITests" */;
			buildPhases = (
				B91E573C208B5DAF00E40AE4 /* Sources */,
				B91E573D208B5DAF00E40AE4 /* Frameworks */,
				B91E573E208B5DAF00E40AE4 /* Resources */,
			);
			buildRules = (
			);
			dependencies = (
				B91E5742208B5DAF00E40AE4 /* PBXTargetDependency */,
			);
			name = WIREDUITests;
			productName = WIREDUITests;
			productReference = B91E5740208B5DAF00E40AE4 /* WIREDUITests.xctest */;
			productType = "com.apple.product-type.bundle.ui-testing";
		};
/* End PBXNativeTarget section */

/* Begin PBXProject section */
		B91E5719208B5DAE00E40AE4 /* Project object */ = {
			isa = PBXProject;
			attributes = {
				LastSwiftUpdateCheck = 0920;
				LastUpgradeCheck = 0920;
				ORGANIZATIONNAME = "Özgü Ataseven";
				TargetAttributes = {
					B91E5720208B5DAE00E40AE4 = {
						CreatedOnToolsVersion = 9.2;
						ProvisioningStyle = Automatic;
					};
					B91E5734208B5DAF00E40AE4 = {
						CreatedOnToolsVersion = 9.2;
						ProvisioningStyle = Automatic;
						TestTargetID = B91E5720208B5DAE00E40AE4;
					};
					B91E573F208B5DAF00E40AE4 = {
						CreatedOnToolsVersion = 9.2;
						ProvisioningStyle = Automatic;
						TestTargetID = B91E5720208B5DAE00E40AE4;
					};
				};
			};
			buildConfigurationList = B91E571C208B5DAE00E40AE4 /* Build configuration list for PBXProject "WIRED" */;
			compatibilityVersion = "Xcode 8.0";
			developmentRegion = en;
			hasScannedForEncodings = 0;
			knownRegions = (
				en,
				Base,
			);
			mainGroup = B91E5718208B5DAE00E40AE4;
			productRefGroup = B91E5722208B5DAE00E40AE4 /* Products */;
			projectDirPath = "";
			projectRoot = "";
			targets = (
				B91E5720208B5DAE00E40AE4 /* WIRED */,
				B91E5734208B5DAF00E40AE4 /* WIREDTests */,
				B91E573F208B5DAF00E40AE4 /* WIREDUITests */,
			);
		};
/* End PBXProject section */

/* Begin PBXResourcesBuildPhase section */
		B91E571F208B5DAE00E40AE4 /* Resources */ = {
			isa = PBXResourcesBuildPhase;
			buildActionMask = 2147483647;
			files = (
				B91E572F208B5DAF00E40AE4 /* LaunchScreen.storyboard in Resources */,
				B91E572C208B5DAF00E40AE4 /* Assets.xcassets in Resources */,
				B91E572A208B5DAF00E40AE4 /* Main.storyboard in Resources */,
			);
			runOnlyForDeploymentPostprocessing = 0;
		};
		B91E5733208B5DAF00E40AE4 /* Resources */ = {
			isa = PBXResourcesBuildPhase;
			buildActionMask = 2147483647;
			files = (
			);
			runOnlyForDeploymentPostprocessing = 0;
		};
		B91E573E208B5DAF00E40AE4 /* Resources */ = {
			isa = PBXResourcesBuildPhase;
			buildActionMask = 2147483647;
			files = (
			);
			runOnlyForDeploymentPostprocessing = 0;
		};
/* End PBXResourcesBuildPhase section */

/* Begin PBXSourcesBuildPhase section */
		B91E571D208B5DAE00E40AE4 /* Sources */ = {
			isa = PBXSourcesBuildPhase;
			buildActionMask = 2147483647;
			files = (
				B91E5755208B685700E40AE4 /* Article.swift in Sources */,
				B91E5727208B5DAE00E40AE4 /* ViewController.swift in Sources */,
				B91E5725208B5DAE00E40AE4 /* AppDelegate.swift in Sources */,
				B91E5757208B92C600E40AE4 /* WebViewController.swift in Sources */,
				B91E5753208B659500E40AE4 /* ArticleCell.swift in Sources */,
			);
			runOnlyForDeploymentPostprocessing = 0;
		};
		B91E5731208B5DAF00E40AE4 /* Sources */ = {
			isa = PBXSourcesBuildPhase;
			buildActionMask = 2147483647;
			files = (
				B91E573A208B5DAF00E40AE4 /* WIREDTests.swift in Sources */,
			);
			runOnlyForDeploymentPostprocessing = 0;
		};
		B91E573C208B5DAF00E40AE4 /* Sources */ = {
			isa = PBXSourcesBuildPhase;
			buildActionMask = 2147483647;
			files = (
				B91E5745208B5DAF00E40AE4 /* WIREDUITests.swift in Sources */,
			);
			runOnlyForDeploymentPostprocessing = 0;
		};
/* End PBXSourcesBuildPhase section */

/* Begin PBXTargetDependency section */
		B91E5737208B5DAF00E40AE4 /* PBXTargetDependency */ = {
			isa = PBXTargetDependency;
			target = B91E5720208B5DAE00E40AE4 /* WIRED */;
			targetProxy = B91E5736208B5DAF00E40AE4 /* PBXContainerItemProxy */;
		};
		B91E5742208B5DAF00E40AE4 /* PBXTargetDependency */ = {
			isa = PBXTargetDependency;
			target = B91E5720208B5DAE00E40AE4 /* WIRED */;
			targetProxy = B91E5741208B5DAF00E40AE4 /* PBXContainerItemProxy */;
		};
/* End PBXTargetDependency section */

/* Begin PBXVariantGroup section */
		B91E5728208B5DAF00E40AE4 /* Main.storyboard */ = {
			isa = PBXVariantGroup;
			children = (
				B91E5729208B5DAF00E40AE4 /* Base */,
			);
			name = Main.storyboard;
			sourceTree = "<group>";
		};
		B91E572D208B5DAF00E40AE4 /* LaunchScreen.storyboard */ = {
			isa = PBXVariantGroup;
			children = (
				B91E572E208B5DAF00E40AE4 /* Base */,
			);
			name = LaunchScreen.storyboard;
			sourceTree = "<group>";
		};
/* End PBXVariantGroup section */

/* Begin XCBuildConfiguration section */
		B91E5747208B5DAF00E40AE4 /* Debug */ = {
			isa = XCBuildConfiguration;
			buildSettings = {
				ALWAYS_SEARCH_USER_PATHS = NO;
				CLANG_ANALYZER_NONNULL = YES;
				CLANG_ANALYZER_NUMBER_OBJECT_CONVERSION = YES_AGGRESSIVE;
				CLANG_CXX_LANGUAGE_STANDARD = "gnu++14";
				CLANG_CXX_LIBRARY = "libc++";
				CLANG_ENABLE_MODULES = YES;
				CLANG_ENABLE_OBJC_ARC = YES;
				CLANG_WARN_BLOCK_CAPTURE_AUTORELEASING = YES;
				CLANG_WARN_BOOL_CONVERSION = YES;
				CLANG_WARN_COMMA = YES;
				CLANG_WARN_CONSTANT_CONVERSION = YES;
				CLANG_WARN_DIRECT_OBJC_ISA_USAGE = YES_ERROR;
				CLANG_WARN_DOCUMENTATION_COMMENTS = YES;
				CLANG_WARN_EMPTY_BODY = YES;
				CLANG_WARN_ENUM_CONVERSION = YES;
				CLANG_WARN_INFINITE_RECURSION = YES;
				CLANG_WARN_INT_CONVERSION = YES;
				CLANG_WARN_NON_LITERAL_NULL_CONVERSION = YES;
				CLANG_WARN_OBJC_LITERAL_CONVERSION = YES;
				CLANG_WARN_OBJC_ROOT_CLASS = YES_ERROR;
				CLANG_WARN_RANGE_LOOP_ANALYSIS = YES;
				CLANG_WARN_STRICT_PROTOTYPES = YES;
				CLANG_WARN_SUSPICIOUS_MOVE = YES;
				CLANG_WARN_UNGUARDED_AVAILABILITY = YES_AGGRESSIVE;
				CLANG_WARN_UNREACHABLE_CODE = YES;
				CLANG_WARN__DUPLICATE_METHOD_MATCH = YES;
				CODE_SIGN_IDENTITY = "iPhone Developer";
				COPY_PHASE_STRIP = NO;
				DEBUG_INFORMATION_FORMAT = dwarf;
				ENABLE_STRICT_OBJC_MSGSEND = YES;
				ENABLE_TESTABILITY = YES;
				GCC_C_LANGUAGE_STANDARD = gnu11;
				GCC_DYNAMIC_NO_PIC = NO;
				GCC_NO_COMMON_BLOCKS = YES;
				GCC_OPTIMIZATION_LEVEL = 0;
				GCC_PREPROCESSOR_DEFINITIONS = (
					"DEBUG=1",
					"$(inherited)",
				);
				GCC_WARN_64_TO_32_BIT_CONVERSION = YES;
				GCC_WARN_ABOUT_RETURN_TYPE = YES_ERROR;
				GCC_WARN_UNDECLARED_SELECTOR = YES;
				GCC_WARN_UNINITIALIZED_AUTOS = YES_AGGRESSIVE;
				GCC_WARN_UNUSED_FUNCTION = YES;
				GCC_WARN_UNUSED_VARIABLE = YES;
				IPHONEOS_DEPLOYMENT_TARGET = 11.2;
				MTL_ENABLE_DEBUG_INFO = YES;
				ONLY_ACTIVE_ARCH = YES;
				SDKROOT = iphoneos;
				SWIFT_ACTIVE_COMPILATION_CONDITIONS = DEBUG;
				SWIFT_OPTIMIZATION_LEVEL = "-Onone";
			};
			name = Debug;
		};
		B91E5748208B5DAF00E40AE4 /* Release */ = {
			isa = XCBuildConfiguration;
			buildSettings = {
				ALWAYS_SEARCH_USER_PATHS = NO;
				CLANG_ANALYZER_NONNULL = YES;
				CLANG_ANALYZER_NUMBER_OBJECT_CONVERSION = YES_AGGRESSIVE;
				CLANG_CXX_LANGUAGE_STANDARD = "gnu++14";
				CLANG_CXX_LIBRARY = "libc++";
				CLANG_ENABLE_MODULES = YES;
				CLANG_ENABLE_OBJC_ARC = YES;
				CLANG_WARN_BLOCK_CAPTURE_AUTORELEASING = YES;
				CLANG_WARN_BOOL_CONVERSION = YES;
				CLANG_WARN_COMMA = YES;
				CLANG_WARN_CONSTANT_CONVERSION = YES;
				CLANG_WARN_DIRECT_OBJC_ISA_USAGE = YES_ERROR;
				CLANG_WARN_DOCUMENTATION_COMMENTS = YES;
				CLANG_WARN_EMPTY_BODY = YES;
				CLANG_WARN_ENUM_CONVERSION = YES;
				CLANG_WARN_INFINITE_RECURSION = YES;
				CLANG_WARN_INT_CONVERSION = YES;
				CLANG_WARN_NON_LITERAL_NULL_CONVERSION = YES;
				CLANG_WARN_OBJC_LITERAL_CONVERSION = YES;
				CLANG_WARN_OBJC_ROOT_CLASS = YES_ERROR;
				CLANG_WARN_RANGE_LOOP_ANALYSIS = YES;
				CLANG_WARN_STRICT_PROTOTYPES = YES;
				CLANG_WARN_SUSPICIOUS_MOVE = YES;
				CLANG_WARN_UNGUARDED_AVAILABILITY = YES_AGGRESSIVE;
				CLANG_WARN_UNREACHABLE_CODE = YES;
				CLANG_WARN__DUPLICATE_METHOD_MATCH = YES;
				CODE_SIGN_IDENTITY = "iPhone Developer";
				COPY_PHASE_STRIP = NO;
				DEBUG_INFORMATION_FORMAT = "dwarf-with-dsym";
				ENABLE_NS_ASSERTIONS = NO;
				ENABLE_STRICT_OBJC_MSGSEND = YES;
				GCC_C_LANGUAGE_STANDARD = gnu11;
				GCC_NO_COMMON_BLOCKS = YES;
				GCC_WARN_64_TO_32_BIT_CONVERSION = YES;
				GCC_WARN_ABOUT_RETURN_TYPE = YES_ERROR;
				GCC_WARN_UNDECLARED_SELECTOR = YES;
				GCC_WARN_UNINITIALIZED_AUTOS = YES_AGGRESSIVE;
				GCC_WARN_UNUSED_FUNCTION = YES;
				GCC_WARN_UNUSED_VARIABLE = YES;
				IPHONEOS_DEPLOYMENT_TARGET = 11.2;
				MTL_ENABLE_DEBUG_INFO = NO;
				SDKROOT = iphoneos;
				SWIFT_OPTIMIZATION_LEVEL = "-Owholemodule";
				VALIDATE_PRODUCT = YES;
			};
			name = Release;
		};
		B91E574A208B5DAF00E40AE4 /* Debug */ = {
			isa = XCBuildConfiguration;
			buildSettings = {
				ASSETCATALOG_COMPILER_APPICON_NAME = AppIcon;
				CODE_SIGN_STYLE = Automatic;
				DEVELOPMENT_TEAM = HH54JQZ55Y;
				INFOPLIST_FILE = WIRED/Info.plist;
				LD_RUNPATH_SEARCH_PATHS = "$(inherited) @executable_path/Frameworks";
				PRODUCT_BUNDLE_IDENTIFIER = com.WIRED.WIRED;
				PRODUCT_NAME = "$(TARGET_NAME)";
				SWIFT_VERSION = 4.0;
				TARGETED_DEVICE_FAMILY = "1,2";
			};
			name = Debug;
		};
		B91E574B208B5DAF00E40AE4 /* Release */ = {
			isa = XCBuildConfiguration;
			buildSettings = {
				ASSETCATALOG_COMPILER_APPICON_NAME = AppIcon;
				CODE_SIGN_STYLE = Automatic;
				DEVELOPMENT_TEAM = HH54JQZ55Y;
				INFOPLIST_FILE = WIRED/Info.plist;
				LD_RUNPATH_SEARCH_PATHS = "$(inherited) @executable_path/Frameworks";
				PRODUCT_BUNDLE_IDENTIFIER = com.WIRED.WIRED;
				PRODUCT_NAME = "$(TARGET_NAME)";
				SWIFT_VERSION = 4.0;
				TARGETED_DEVICE_FAMILY = "1,2";
			};
			name = Release;
		};
		B91E574D208B5DAF00E40AE4 /* Debug */ = {
			isa = XCBuildConfiguration;
			buildSettings = {
				ALWAYS_EMBED_SWIFT_STANDARD_LIBRARIES = YES;
				BUNDLE_LOADER = "$(TEST_HOST)";
				CODE_SIGN_STYLE = Automatic;
				INFOPLIST_FILE = WIREDTests/Info.plist;
				LD_RUNPATH_SEARCH_PATHS = "$(inherited) @executable_path/Frameworks @loader_path/Frameworks";
				PRODUCT_BUNDLE_IDENTIFIER = com.WIRED.WIREDTests;
				PRODUCT_NAME = "$(TARGET_NAME)";
				SWIFT_VERSION = 4.0;
				TARGETED_DEVICE_FAMILY = "1,2";
				TEST_HOST = "$(BUILT_PRODUCTS_DIR)/WIRED.app/WIRED";
			};
			name = Debug;
		};
		B91E574E208B5DAF00E40AE4 /* Release */ = {
			isa = XCBuildConfiguration;
			buildSettings = {
				ALWAYS_EMBED_SWIFT_STANDARD_LIBRARIES = YES;
				BUNDLE_LOADER = "$(TEST_HOST)";
				CODE_SIGN_STYLE = Automatic;
				INFOPLIST_FILE = WIREDTests/Info.plist;
				LD_RUNPATH_SEARCH_PATHS = "$(inherited) @executable_path/Frameworks @loader_path/Frameworks";
				PRODUCT_BUNDLE_IDENTIFIER = com.WIRED.WIREDTests;
				PRODUCT_NAME = "$(TARGET_NAME)";
				SWIFT_VERSION = 4.0;
				TARGETED_DEVICE_FAMILY = "1,2";
				TEST_HOST = "$(BUILT_PRODUCTS_DIR)/WIRED.app/WIRED";
			};
			name = Release;
		};
		B91E5750208B5DAF00E40AE4 /* Debug */ = {
			isa = XCBuildConfiguration;
			buildSettings = {
				ALWAYS_EMBED_SWIFT_STANDARD_LIBRARIES = YES;
				CODE_SIGN_STYLE = Automatic;
				INFOPLIST_FILE = WIREDUITests/Info.plist;
				LD_RUNPATH_SEARCH_PATHS = "$(inherited) @executable_path/Frameworks @loader_path/Frameworks";
				PRODUCT_BUNDLE_IDENTIFIER = com.WIRED.WIREDUITests;
				PRODUCT_NAME = "$(TARGET_NAME)";
				SWIFT_VERSION = 4.0;
				TARGETED_DEVICE_FAMILY = "1,2";
				TEST_TARGET_NAME = WIRED;
			};
			name = Debug;
		};
		B91E5751208B5DAF00E40AE4 /* Release */ = {
			isa = XCBuildConfiguration;
			buildSettings = {
				ALWAYS_EMBED_SWIFT_STANDARD_LIBRARIES = YES;
				CODE_SIGN_STYLE = Automatic;
				INFOPLIST_FILE = WIREDUITests/Info.plist;
				LD_RUNPATH_SEARCH_PATHS = "$(inherited) @executable_path/Frameworks @loader_path/Frameworks";
				PRODUCT_BUNDLE_IDENTIFIER = com.WIRED.WIREDUITests;
				PRODUCT_NAME = "$(TARGET_NAME)";
				SWIFT_VERSION = 4.0;
				TARGETED_DEVICE_FAMILY = "1,2";
				TEST_TARGET_NAME = WIRED;
			};
			name = Release;
		};
/* End XCBuildConfiguration section */

/* Begin XCConfigurationList section */
		B91E571C208B5DAE00E40AE4 /* Build configuration list for PBXProject "WIRED" */ = {
			isa = XCConfigurationList;
			buildConfigurations = (
				B91E5747208B5DAF00E40AE4 /* Debug */,
				B91E5748208B5DAF00E40AE4 /* Release */,
			);
			defaultConfigurationIsVisible = 0;
			defaultConfigurationName = Release;
		};
		B91E5749208B5DAF00E40AE4 /* Build configuration list for PBXNativeTarget "WIRED" */ = {
			isa = XCConfigurationList;
			buildConfigurations = (
				B91E574A208B5DAF00E40AE4 /* Debug */,
				B91E574B208B5DAF00E40AE4 /* Release */,
			);
			defaultConfigurationIsVisible = 0;
			defaultConfigurationName = Release;
		};
		B91E574C208B5DAF00E40AE4 /* Build configuration list for PBXNativeTarget "WIREDTests" */ = {
			isa = XCConfigurationList;
			buildConfigurations = (
				B91E574D208B5DAF00E40AE4 /* Debug */,
				B91E574E208B5DAF00E40AE4 /* Release */,
			);
			defaultConfigurationIsVisible = 0;
			defaultConfigurationName = Release;
		};
		B91E574F208B5DAF00E40AE4 /* Build configuration list for PBXNativeTarget "WIREDUITests" */ = {
			isa = XCConfigurationList;
			buildConfigurations = (
				B91E5750208B5DAF00E40AE4 /* Debug */,
				B91E5751208B5DAF00E40AE4 /* Release */,
			);
			defaultConfigurationIsVisible = 0;
			defaultConfigurationName = Release;
		};
/* End XCConfigurationList section */
	};
	rootObject = B91E5719208B5DAE00E40AE4 /* Project object */;
}
